
Microsoft Visual Studio Solution File, Format Version 12.00
# Visual Studio Version 16
VisualStudioVersion = 16.0.32228.343
MinimumVisualStudioVersion = 10.0.40219.1
Project("{9A19103F-16F7-4668-BE54-9A1E7A4F7556}") = "Album.Api", "Album.Api\Album.Api.csproj", "{E8E14062-8386-4CE4-8B5E-0A8BC7B17161}"
EndProject
Project("{FAE04EC0-301F-11D3-BF4B-00C04F79EFBC}") = "Album.Api.Tests", "Album.Api.Tests\Album.Api.Tests.csproj", "{72088879-66B8-4598-9F51-2C47F5BDA451}"
EndProject
Global
	GlobalSection(SolutionConfigurationPlatforms) = preSolution
		Debug|Any CPU = Debug|Any CPU
		Release|Any CPU = Release|Any CPU
	EndGlobalSection
	GlobalSection(ProjectConfigurationPlatforms) = postSolution
		{E8E14062-8386-4CE4-8B5E-0A8BC7B17161}.Debug|Any CPU.ActiveCfg = Debug|Any CPU
		{E8E14062-8386-4CE4-8B5E-0A8BC7B17161}.Debug|Any CPU.Build.0 = Debug|Any CPU
		{E8E14062-8386-4CE4-8B5E-0A8BC7B17161}.Release|Any CPU.ActiveCfg = Release|Any CPU
		{E8E14062-8386-4CE4-8B5E-0A8BC7B17161}.Release|Any CPU.Build.0 = Release|Any CPU
		{72088879-66B8-4598-9F51-2C47F5BDA451}.Debug|Any CPU.ActiveCfg = Debug|Any CPU
		{72088879-66B8-4598-9F51-2C47F5BDA451}.Debug|Any CPU.Build.0 = Debug|Any CPU
		{72088879-66B8-4598-9F51-2C47F5BDA451}.Release|Any CPU.ActiveCfg = Release|Any CPU
		{72088879-66B8-4598-9F51-2C47F5BDA451}.Release|Any CPU.Build.0 = Release|Any CPU
	EndGlobalSection
	GlobalSection(SolutionProperties) = preSolution
		HideSolutionNode = FALSE
	EndGlobalSection
	GlobalSection(ExtensibilityGlobals) = postSolution
		SolutionGuid = {BECB8FDF-1633-4B3F-9738-48DF2608A3A4}
	EndGlobalSection
EndGlobal
